<?xml version="1.0" encoding="utf-8"?>
<Project ToolsVersion="4.0" xmlns="http://schemas.microsoft.com/developer/msbuild/2003">
  <ItemGroup>
    <Filter Include="源文件">
      <UniqueIdentifier>{4FC737F1-C7A5-4376-A066-2A32D752A2FF}</UniqueIdentifier>
      <Extensions>cpp;c;cc;cxx;def;odl;idl;hpj;bat;asm;asmx</Extensions>
    </Filter>
    <Filter Include="头文件">
      <UniqueIdentifier>{93995380-89BD-4b04-88EB-625FBE52EBFB}</UniqueIdentifier>
      <Extensions>h;hh;hpp;hxx;hm;inl;inc;xsd</Extensions>
    </Filter>
    <Filter Include="资源文件">
      <UniqueIdentifier>{67DA6AB6-F800-4c08-8B7A-83BB121AAD01}</UniqueIdentifier>
      <Extensions>rc;ico;cur;bmp;dlg;rc2;rct;bin;rgs;gif;jpg;jpeg;jpe;resx;tiff;tif;png;wav;mfcribbon-ms</Extensions>
    </Filter>
  </ItemGroup>
  <ItemGroup>
    <ClCompile Include="entry\main.cpp">
      <Filter>源文件</Filter>
    </ClCompile>
    <ClCompile Include="entry\practice\network\ex01_echo\network_ex01_echo_client.cpp">
      <Filter>源文件</Filter>
    </ClCompile>
    <ClCompile Include="entry\practice\network\ex01_echo\network_ex01_echo_server.cpp">
      <Filter>源文件</Filter>
    </ClCompile>
    <ClCompile Include="entry\practice\opengl\glapp.cpp">
      <Filter>源文件</Filter>
    </ClCompile>
    <ClCompile Include="entry\practice\windows\windows_beeper.cpp">
      <Filter>源文件</Filter>
    </ClCompile>
    <ClCompile Include="entry\practice\windows\windows_checker.cpp">
      <Filter>源文件</Filter>
    </ClCompile>
    <ClCompile Include="entry\practice\windows\windows_connect.cpp">
      <Filter>源文件</Filter>
    </ClCompile>
    <ClCompile Include="entry\practice\windows\windows_digital_clock.cpp">
      <Filter>源文件</Filter>
    </ClCompile>
    <ClCompile Include="entry\practice\windows\windows_ex01_create_window.cpp">
      <Filter>源文件</Filter>
    </ClCompile>
    <ClCompile Include="entry\practice\windows\windows_key_view.cpp">
      <Filter>源文件</Filter>
    </ClCompile>
    <ClCompile Include="entry\practice\windows\windows_stock_font.cpp">
      <Filter>源文件</Filter>
    </ClCompile>
    <ClCompile Include="entry\practice\windows\windows_system_metrics.cpp">
      <Filter>源文件</Filter>
    </ClCompile>
    <ClCompile Include="entry\practice\windows\windows_typer.cpp">
      <Filter>源文件</Filter>
    </ClCompile>
    <ClCompile Include="entry\test\macro\test_macro.cpp">
      <Filter>源文件</Filter>
    </ClCompile>
    <ClCompile Include="code\PrecompiledHeader.cpp">
      <Filter>源文件</Filter>
    </ClCompile>
    <ClCompile Include="code\kv\common\_source\kvRandom.cpp">
      <Filter>源文件</Filter>
    </ClCompile>
    <ClCompile Include="code\kv\entry\_source\kvEntryManager.cpp">
      <Filter>源文件</Filter>
    </ClCompile>
    <ClCompile Include="code\kv\entry\_source\kvEntryObject.cpp">
      <Filter>源文件</Filter>
    </ClCompile>
    <ClCompile Include="code\kv\entry\_source\kvEntryUtils.cpp">
      <Filter>源文件</Filter>
    </ClCompile>
    <ClCompile Include="code\kv\gui\_source\kvOpenGLWindow.cpp">
      <Filter>源文件</Filter>
    </ClCompile>
    <ClCompile Include="code\kv\gui\_source\kvWindow.cpp">
      <Filter>源文件</Filter>
    </ClCompile>
    <ClCompile Include="code\kv\log\_source\kvLogger.cpp">
      <Filter>源文件</Filter>
    </ClCompile>
    <ClCompile Include="code\kv\native\windows\_source\kvUtilsWindows.cpp">
      <Filter>源文件</Filter>
    </ClCompile>
    <ClCompile Include="code\kv\native\windows\_source\kvWgl.cpp">
      <Filter>源文件</Filter>
    </ClCompile>
    <ClCompile Include="entry\experiment.cpp">
      <Filter>源文件</Filter>
    </ClCompile>
    <ClCompile Include="code\kv\math\_source\kvVector.cpp">
      <Filter>源文件</Filter>
    </ClCompile>
    <ClCompile Include="code\kv\math\_source\kvMatrix.cpp">
      <Filter>源文件</Filter>
    </ClCompile>
    <ClCompile Include="code\kv\math\_source\kvQuaternion.cpp">
      <Filter>源文件</Filter>
    </ClCompile>
  </ItemGroup>
  <ItemGroup>
    <ClInclude Include="code\kv\common\ArrayView.hpp">
      <Filter>头文件</Filter>
    </ClInclude>
    <ClInclude Include="code\kv\common\Delegate.hpp">
      <Filter>头文件</Filter>
    </ClInclude>
    <ClInclude Include="code\kv\common\Stopwatch.hpp">
      <Filter>头文件</Filter>
    </ClInclude>
    <ClInclude Include="code\kv\common\Utils.hpp">
      <Filter>头文件</Filter>
    </ClInclude>
    <ClInclude Include="code\kv\entry\IncludeAll.hpp">
      <Filter>头文件</Filter>
    </ClInclude>
    <ClInclude Include="code\kv\native\windows\IncludeAll.hpp">
      <Filter>头文件</Filter>
    </ClInclude>
    <ClInclude Include="code\PrecompiledHeader.hpp">
      <Filter>头文件</Filter>
    </ClInclude>
    <ClInclude Include="code\kv\common\Size.hpp">
      <Filter>头文件</Filter>
    </ClInclude>
    <ClInclude Include="code\kv\entry\EntryManager.hpp">
      <Filter>头文件</Filter>
    </ClInclude>
    <ClInclude Include="code\kv\entry\EntryObject.hpp">
      <Filter>头文件</Filter>
    </ClInclude>
    <ClInclude Include="code\kv\entry\EntryType.hpp">
      <Filter>头文件</Filter>
    </ClInclude>
    <ClInclude Include="code\kv\entry\EntryUtils.hpp">
      <Filter>头文件</Filter>
    </ClInclude>
    <ClInclude Include="code\kv\gui\OpenGLWindow.hpp">
      <Filter>头文件</Filter>
    </ClInclude>
    <ClInclude Include="code\kv\gui\Window.hpp">
      <Filter>头文件</Filter>
    </ClInclude>
    <ClInclude Include="code\kv\native\windows\Utils.hpp">
      <Filter>头文件</Filter>
    </ClInclude>
    <ClInclude Include="code\kv\native\windows\wgl.hpp">
      <Filter>头文件</Filter>
    </ClInclude>
    <ClInclude Include="code\kv\common\kvRandom.hpp">
      <Filter>头文件</Filter>
    </ClInclude>
    <ClInclude Include="code\kv\native\windows\kvUtils.hpp">
      <Filter>头文件</Filter>
    </ClInclude>
    <ClInclude Include="code\kv\native\windows\kvUtilsWindows.hpp">
      <Filter>头文件</Filter>
    </ClInclude>
    <ClInclude Include="code\kv\native\windows\kvWgl.hpp">
      <Filter>头文件</Filter>
    </ClInclude>
    <ClInclude Include="code\kv\common\kvSize.hpp">
      <Filter>头文件</Filter>
    </ClInclude>
    <ClInclude Include="code\kv\entry\kvEntryManager.hpp">
      <Filter>头文件</Filter>
    </ClInclude>
    <ClInclude Include="code\kv\entry\kvEntryObject.hpp">
      <Filter>头文件</Filter>
    </ClInclude>
    <ClInclude Include="code\kv\entry\kvEntryType.hpp">
      <Filter>头文件</Filter>
    </ClInclude>
    <ClInclude Include="code\kv\entry\kvEntryUtils.hpp">
      <Filter>头文件</Filter>
    </ClInclude>
    <ClInclude Include="code\kv\gui\kvOpenGLWindow.hpp">
      <Filter>头文件</Filter>
    </ClInclude>
    <ClInclude Include="code\kv\gui\kvWindow.hpp">
      <Filter>头文件</Filter>
    </ClInclude>
    <ClInclude Include="code\kv\input\Device.hpp">
      <Filter>头文件</Filter>
    </ClInclude>
    <ClInclude Include="code\kv\input\Keyboard.hpp">
      <Filter>头文件</Filter>
    </ClInclude>
    <ClInclude Include="code\kv\input\Mouse.hpp">
      <Filter>头文件</Filter>
    </ClInclude>
    <ClInclude Include="code\kv\log\IncludeAll.hpp">
      <Filter>头文件</Filter>
    </ClInclude>
    <ClInclude Include="code\kv\log\kvLogColor.hpp">
      <Filter>头文件</Filter>
    </ClInclude>
    <ClInclude Include="code\kv\log\kvLogger.hpp">
      <Filter>头文件</Filter>
    </ClInclude>
    <ClInclude Include="code\kv\drawing\gl\kvGLEW.hpp">
      <Filter>头文件</Filter>
    </ClInclude>
    <ClInclude Include="code\kv\math\kvVector.hpp">
      <Filter>头文件</Filter>
    </ClInclude>
    <ClInclude Include="code\kv\math\kvMatrix.hpp">
      <Filter>头文件</Filter>
    </ClInclude>
    <ClInclude Include="code\kv\math\IncludeAll.hpp">
      <Filter>头文件</Filter>
    </ClInclude>
    <ClInclude Include="code\kv\math\kvQuaternion.hpp">
      <Filter>头文件</Filter>
    </ClInclude>
  </ItemGroup>
</Project>